
Microsoft Visual Studio Solution File, Format Version 12.00
# Visual Studio Version 16
VisualStudioVersion = 16.0.33130.400
MinimumVisualStudioVersion = 10.0.40219.1
Project("{FAE04EC0-301F-11D3-BF4B-00C04F79EFBC}") = "Aula01_SortedList", "Aula01_SortedList\Aula01_SortedList.csproj", "{60955DE1-C2B1-4EFC-B139-4DBE7E8F38A9}"
EndProject
Global
	GlobalSection(SolutionConfigurationPlatforms) = preSolution
		Debug|Any CPU = Debug|Any CPU
		Release|Any CPU = Release|Any CPU
	EndGlobalSection
	GlobalSection(ProjectConfigurationPlatforms) = postSolution
		{60955DE1-C2B1-4EFC-B139-4DBE7E8F38A9}.Debug|Any CPU.ActiveCfg = Debug|Any CPU
		{60955DE1-C2B1-4EFC-B139-4DBE7E8F38A9}.Debug|Any CPU.Build.0 = Debug|Any CPU
		{60955DE1-C2B1-4EFC-B139-4DBE7E8F38A9}.Release|Any CPU.ActiveCfg = Release|Any CPU
		{60955DE1-C2B1-4EFC-B139-4DBE7E8F38A9}.Release|Any CPU.Build.0 = Release|Any CPU
	EndGlobalSection
	GlobalSection(SolutionProperties) = preSolution
		HideSolutionNode = FALSE
	EndGlobalSection
	GlobalSection(ExtensibilityGlobals) = postSolution
		SolutionGuid = {A296DD7E-0B8A-4D89-98D1-88D6256F06F6}
	EndGlobalSection
EndGlobal
