
Microsoft Visual Studio Solution File, Format Version 12.00
# Visual Studio Version 16
VisualStudioVersion = 16.0.33130.400
MinimumVisualStudioVersion = 10.0.40219.1
Project("{FAE04EC0-301F-11D3-BF4B-00C04F79EFBC}") = "Aula02_ListsReadOnly", "Aula02_ListsReadOnly\Aula02_ListsReadOnly.csproj", "{ACCF72D7-B65F-4040-8C91-28255AD7360D}"
EndProject
Global
	GlobalSection(SolutionConfigurationPlatforms) = preSolution
		Debug|Any CPU = Debug|Any CPU
		Release|Any CPU = Release|Any CPU
	EndGlobalSection
	GlobalSection(ProjectConfigurationPlatforms) = postSolution
		{ACCF72D7-B65F-4040-8C91-28255AD7360D}.Debug|Any CPU.ActiveCfg = Debug|Any CPU
		{ACCF72D7-B65F-4040-8C91-28255AD7360D}.Debug|Any CPU.Build.0 = Debug|Any CPU
		{ACCF72D7-B65F-4040-8C91-28255AD7360D}.Release|Any CPU.ActiveCfg = Release|Any CPU
		{ACCF72D7-B65F-4040-8C91-28255AD7360D}.Release|Any CPU.Build.0 = Release|Any CPU
	EndGlobalSection
	GlobalSection(SolutionProperties) = preSolution
		HideSolutionNode = FALSE
	EndGlobalSection
	GlobalSection(ExtensibilityGlobals) = postSolution
		SolutionGuid = {AFD45DE3-9A9B-4654-9AF6-921A3F7C6860}
	EndGlobalSection
EndGlobal
