
Microsoft Visual Studio Solution File, Format Version 12.00
# Visual Studio Version 16
VisualStudioVersion = 16.0.33130.400
MinimumVisualStudioVersion = 10.0.40219.1
Project("{FAE04EC0-301F-11D3-BF4B-00C04F79EFBC}") = "Aula05_Stack", "Aula05_Stack\Aula05_Stack.csproj", "{1E70EA4C-9EDE-4D24-9473-4FD6BA51E090}"
EndProject
Global
	GlobalSection(SolutionConfigurationPlatforms) = preSolution
		Debug|Any CPU = Debug|Any CPU
		Release|Any CPU = Release|Any CPU
	EndGlobalSection
	GlobalSection(ProjectConfigurationPlatforms) = postSolution
		{1E70EA4C-9EDE-4D24-9473-4FD6BA51E090}.Debug|Any CPU.ActiveCfg = Debug|Any CPU
		{1E70EA4C-9EDE-4D24-9473-4FD6BA51E090}.Debug|Any CPU.Build.0 = Debug|Any CPU
		{1E70EA4C-9EDE-4D24-9473-4FD6BA51E090}.Release|Any CPU.ActiveCfg = Release|Any CPU
		{1E70EA4C-9EDE-4D24-9473-4FD6BA51E090}.Release|Any CPU.Build.0 = Release|Any CPU
	EndGlobalSection
	GlobalSection(SolutionProperties) = preSolution
		HideSolutionNode = FALSE
	EndGlobalSection
	GlobalSection(ExtensibilityGlobals) = postSolution
		SolutionGuid = {FC16C2F4-2F20-483D-B944-FFA8B9F87FA5}
	EndGlobalSection
EndGlobal
