
Microsoft Visual Studio Solution File, Format Version 12.00
# Visual Studio Version 16
VisualStudioVersion = 16.0.33130.400
MinimumVisualStudioVersion = 10.0.40219.1
Project("{FAE04EC0-301F-11D3-BF4B-00C04F79EFBC}") = "Aula02_JaggedArrays", "Aula02_JaggedArrays\Aula02_JaggedArrays.csproj", "{B8E25606-7C16-4AB3-BDFA-A9B31D52CF09}"
EndProject
Global
	GlobalSection(SolutionConfigurationPlatforms) = preSolution
		Debug|Any CPU = Debug|Any CPU
		Release|Any CPU = Release|Any CPU
	EndGlobalSection
	GlobalSection(ProjectConfigurationPlatforms) = postSolution
		{B8E25606-7C16-4AB3-BDFA-A9B31D52CF09}.Debug|Any CPU.ActiveCfg = Debug|Any CPU
		{B8E25606-7C16-4AB3-BDFA-A9B31D52CF09}.Debug|Any CPU.Build.0 = Debug|Any CPU
		{B8E25606-7C16-4AB3-BDFA-A9B31D52CF09}.Release|Any CPU.ActiveCfg = Release|Any CPU
		{B8E25606-7C16-4AB3-BDFA-A9B31D52CF09}.Release|Any CPU.Build.0 = Release|Any CPU
	EndGlobalSection
	GlobalSection(SolutionProperties) = preSolution
		HideSolutionNode = FALSE
	EndGlobalSection
	GlobalSection(ExtensibilityGlobals) = postSolution
		SolutionGuid = {53A57021-F361-4694-A1C4-457E40D0AEDE}
	EndGlobalSection
EndGlobal
